
Microsoft Visual Studio Solution File, Format Version 12.00
# Visual Studio Version 17
VisualStudioVersion = 17.10.35013.160
MinimumVisualStudioVersion = 10.0.40219.1
Project("{FAE04EC0-301F-11D3-BF4B-00C04F79EFBC}") = "HandlingExcelWithWpf", "HandlingExcelWithWpf\HandlingExcelWithWpf.csproj", "{F737712A-270A-46B8-8301-4135869C5CB1}"
EndProject
Global
	GlobalSection(SolutionConfigurationPlatforms) = preSolution
		Debug|Any CPU = Debug|Any CPU
		Release|Any CPU = Release|Any CPU
	EndGlobalSection
	GlobalSection(ProjectConfigurationPlatforms) = postSolution
		{F737712A-270A-46B8-8301-4135869C5CB1}.Debug|Any CPU.ActiveCfg = Debug|Any CPU
		{F737712A-270A-46B8-8301-4135869C5CB1}.Debug|Any CPU.Build.0 = Debug|Any CPU
		{F737712A-270A-46B8-8301-4135869C5CB1}.Release|Any CPU.ActiveCfg = Release|Any CPU
		{F737712A-270A-46B8-8301-4135869C5CB1}.Release|Any CPU.Build.0 = Release|Any CPU
	EndGlobalSection
	GlobalSection(SolutionProperties) = preSolution
		HideSolutionNode = FALSE
	EndGlobalSection
	GlobalSection(ExtensibilityGlobals) = postSolution
		SolutionGuid = {E4F340BE-A9E5-41CE-B79D-8A25097C011C}
	EndGlobalSection
EndGlobal
